
Microsoft Visual Studio Solution File, Format Version 11.00
# Visual Studio 2010
Project("{FAE04EC0-301F-11D3-BF4B-00C04F79EFBC}") = "MSBuild.NuGet.Tasks", "Src\MSBuild.NuGet.Tasks\MSBuild.NuGet.Tasks.csproj", "{D923DFF2-EAF5-45BB-AB9B-44B85F1D841F}"
EndProject
Global
	GlobalSection(SolutionConfigurationPlatforms) = preSolution
		Debug|Any CPU = Debug|Any CPU
		Release|Any CPU = Release|Any CPU
	EndGlobalSection
	GlobalSection(ProjectConfigurationPlatforms) = postSolution
		{D923DFF2-EAF5-45BB-AB9B-44B85F1D841F}.Debug|Any CPU.ActiveCfg = Debug|Any CPU
		{D923DFF2-EAF5-45BB-AB9B-44B85F1D841F}.Debug|Any CPU.Build.0 = Debug|Any CPU
		{D923DFF2-EAF5-45BB-AB9B-44B85F1D841F}.Release|Any CPU.ActiveCfg = Release|Any CPU
		{D923DFF2-EAF5-45BB-AB9B-44B85F1D841F}.Release|Any CPU.Build.0 = Release|Any CPU
	EndGlobalSection
	GlobalSection(SolutionProperties) = preSolution
		HideSolutionNode = FALSE
	EndGlobalSection
EndGlobal
